// !$*UTF8*$!
{
	archiveVersion = 1;
	classes = {
	};
	objectVersion = 46;
	objects = {

/* Begin PBXBuildFile section */
		00AC98A21888C818006DFC52 /* Foundation.framework in Frameworks */ = {isa = PBXBuildFile; fileRef = 00AC98A11888C818006DFC52 /* Foundation.framework */; };
		00AC98A41888C818006DFC52 /* CoreGraphics.framework in Frameworks */ = {isa = PBXBuildFile; fileRef = 00AC98A31888C818006DFC52 /* CoreGraphics.framework */; };
		00AC98A61888C818006DFC52 /* UIKit.framework in Frameworks */ = {isa = PBXBuildFile; fileRef = 00AC98A51888C818006DFC52 /* UIKit.framework */; };
		00AC98AC1888C818006DFC52 /* InfoPlist.strings in Resources */ = {isa = PBXBuildFile; fileRef = 00AC98AA1888C818006DFC52 /* InfoPlist.strings */; };
		00AC98AE1888C818006DFC52 /* main.m in Sources */ = {isa = PBXBuildFile; fileRef = 00AC98AD1888C818006DFC52 /* main.m */; };
		00AC98B21888C818006DFC52 /* AppDelegate.m in Sources */ = {isa = PBXBuildFile; fileRef = 00AC98B11888C818006DFC52 /* AppDelegate.m */; };
		00AC98B51888C818006DFC52 /* Main.storyboard in Resources */ = {isa = PBXBuildFile; fileRef = 00AC98B31888C818006DFC52 /* Main.storyboard */; };
		00AC98B81888C818006DFC52 /* ViewController.m in Sources */ = {isa = PBXBuildFile; fileRef = 00AC98B71888C818006DFC52 /* ViewController.m */; };
		00AC98BA1888C818006DFC52 /* Images.xcassets in Resources */ = {isa = PBXBuildFile; fileRef = 00AC98B91888C818006DFC52 /* Images.xcassets */; };
		00AC98C11888C818006DFC52 /* XCTest.framework in Frameworks */ = {isa = PBXBuildFile; fileRef = 00AC98C01888C818006DFC52 /* XCTest.framework */; };
		00AC98C21888C818006DFC52 /* Foundation.framework in Frameworks */ = {isa = PBXBuildFile; fileRef = 00AC98A11888C818006DFC52 /* Foundation.framework */; };
		00AC98C31888C818006DFC52 /* UIKit.framework in Frameworks */ = {isa = PBXBuildFile; fileRef = 00AC98A51888C818006DFC52 /* UIKit.framework */; };
		00AC98CB1888C818006DFC52 /* InfoPlist.strings in Resources */ = {isa = PBXBuildFile; fileRef = 00AC98C91888C818006DFC52 /* InfoPlist.strings */; };
		00AC98CD1888C818006DFC52 /* p226Tests.m in Sources */ = {isa = PBXBuildFile; fileRef = 00AC98CC1888C818006DFC52 /* p226Tests.m */; };
		00AC98FE1888C82D006DFC52 /* desktop.ini in Resources */ = {isa = PBXBuildFile; fileRef = 00AC98DA1888C82D006DFC52 /* desktop.ini */; };
		00AC99001888C82D006DFC52 /* HeadingAngleSmall.png in Resources */ = {isa = PBXBuildFile; fileRef = 00AC98F01888C82D006DFC52 /* HeadingAngleSmall.png */; };
		00AC99011888C82D006DFC52 /* HeadingAngleSmall@2x.png in Resources */ = {isa = PBXBuildFile; fileRef = 00AC98F11888C82D006DFC52 /* HeadingAngleSmall@2x.png */; };
		00AC99021888C82D006DFC52 /* icon_clustering.png in Resources */ = {isa = PBXBuildFile; fileRef = 00AC98F21888C82D006DFC52 /* icon_clustering.png */; };
		00AC99031888C82D006DFC52 /* icon_clustering@2x.png in Resources */ = {isa = PBXBuildFile; fileRef = 00AC98F31888C82D006DFC52 /* icon_clustering@2x.png */; };
		00AC99041888C82D006DFC52 /* mapbg_tlogo.png in Resources */ = {isa = PBXBuildFile; fileRef = 00AC98F41888C82D006DFC52 /* mapbg_tlogo.png */; };
		00AC99051888C82D006DFC52 /* mapbg_tlogo@2x.png in Resources */ = {isa = PBXBuildFile; fileRef = 00AC98F51888C82D006DFC52 /* mapbg_tlogo@2x.png */; };
		00AC99061888C82D006DFC52 /* poweredby.png in Resources */ = {isa = PBXBuildFile; fileRef = 00AC98F61888C82D006DFC52 /* poweredby.png */; };
		00AC99071888C82D006DFC52 /* poweredby@2x.png in Resources */ = {isa = PBXBuildFile; fileRef = 00AC98F71888C82D006DFC52 /* poweredby@2x.png */; };
		00AC99081888C82D006DFC52 /* TrackingDot.png in Resources */ = {isa = PBXBuildFile; fileRef = 00AC98F81888C82D006DFC52 /* TrackingDot.png */; };
		00AC99091888C82D006DFC52 /* TrackingDot@2x.png in Resources */ = {isa = PBXBuildFile; fileRef = 00AC98F91888C82D006DFC52 /* TrackingDot@2x.png */; };
		00AC990A1888C82D006DFC52 /* TrackingDotHalo.png in Resources */ = {isa = PBXBuildFile; fileRef = 00AC98FA1888C82D006DFC52 /* TrackingDotHalo.png */; };
		00AC990B1888C82D006DFC52 /* TrackingDotHalo@2x.png in Resources */ = {isa = PBXBuildFile; fileRef = 00AC98FB1888C82D006DFC52 /* TrackingDotHalo@2x.png */; };
		00AC990C1888C82D006DFC52 /* libskpMap_OP-iOS7.0.a in Frameworks */ = {isa = PBXBuildFile; fileRef = 00AC98FC1888C82D006DFC52 /* libskpMap_OP-iOS7.0.a */; };
		00AC990E1888C837006DFC52 /* CoreLocation.framework in Frameworks */ = {isa = PBXBuildFile; fileRef = 00AC990D1888C837006DFC52 /* CoreLocation.framework */; };
		00AC99101888C83E006DFC52 /* QuartzCore.framework in Frameworks */ = {isa = PBXBuildFile; fileRef = 00AC990F1888C83E006DFC52 /* QuartzCore.framework */; };
		00AC99131888C9D4006DFC52 /* DetailViewController.m in Sources */ = {isa = PBXBuildFile; fileRef = 00AC99121888C9D4006DFC52 /* DetailViewController.m */; };
/* End PBXBuildFile section */

/* Begin PBXContainerItemProxy section */
		00AC98C41888C818006DFC52 /* PBXContainerItemProxy */ = {
			isa = PBXContainerItemProxy;
			containerPortal = 00AC98961888C818006DFC52 /* Project object */;
			proxyType = 1;
			remoteGlobalIDString = 00AC989D1888C818006DFC52;
			remoteInfo = p226;
		};
/* End PBXContainerItemProxy section */

/* Begin PBXFileReference section */
		00AC989E1888C818006DFC52 /* p226.app */ = {isa = PBXFileReference; explicitFileType = wrapper.application; includeInIndex = 0; path = p226.app; sourceTree = BUILT_PRODUCTS_DIR; };
		00AC98A11888C818006DFC52 /* Foundation.framework */ = {isa = PBXFileReference; lastKnownFileType = wrapper.framework; name = Foundation.framework; path = System/Library/Frameworks/Foundation.framework; sourceTree = SDKROOT; };
		00AC98A31888C818006DFC52 /* CoreGraphics.framework */ = {isa = PBXFileReference; lastKnownFileType = wrapper.framework; name = CoreGraphics.framework; path = System/Library/Frameworks/CoreGraphics.framework; sourceTree = SDKROOT; };
		00AC98A51888C818006DFC52 /* UIKit.framework */ = {isa = PBXFileReference; lastKnownFileType = wrapper.framework; name = UIKit.framework; path = System/Library/Frameworks/UIKit.framework; sourceTree = SDKROOT; };
		00AC98A91888C818006DFC52 /* p226-Info.plist */ = {isa = PBXFileReference; lastKnownFileType = text.plist.xml; path = "p226-Info.plist"; sourceTree = "<group>"; };
		00AC98AB1888C818006DFC52 /* en */ = {isa = PBXFileReference; lastKnownFileType = text.plist.strings; name = en; path = en.lproj/InfoPlist.strings; sourceTree = "<group>"; };
		00AC98AD1888C818006DFC52 /* main.m */ = {isa = PBXFileReference; lastKnownFileType = sourcecode.c.objc; path = main.m; sourceTree = "<group>"; };
		00AC98AF1888C818006DFC52 /* p226-Prefix.pch */ = {isa = PBXFileReference; lastKnownFileType = sourcecode.c.h; path = "p226-Prefix.pch"; sourceTree = "<group>"; };
		00AC98B01888C818006DFC52 /* AppDelegate.h */ = {isa = PBXFileReference; lastKnownFileType = sourcecode.c.h; path = AppDelegate.h; sourceTree = "<group>"; };
		00AC98B11888C818006DFC52 /* AppDelegate.m */ = {isa = PBXFileReference; lastKnownFileType = sourcecode.c.objc; path = AppDelegate.m; sourceTree = "<group>"; };
		00AC98B41888C818006DFC52 /* Base */ = {isa = PBXFileReference; lastKnownFileType = file.storyboard; name = Base; path = Base.lproj/Main.storyboard; sourceTree = "<group>"; };
		00AC98B61888C818006DFC52 /* ViewController.h */ = {isa = PBXFileReference; lastKnownFileType = sourcecode.c.h; path = ViewController.h; sourceTree = "<group>"; };
		00AC98B71888C818006DFC52 /* ViewController.m */ = {isa = PBXFileReference; lastKnownFileType = sourcecode.c.objc; path = ViewController.m; sourceTree = "<group>"; };
		00AC98B91888C818006DFC52 /* Images.xcassets */ = {isa = PBXFileReference; lastKnownFileType = folder.assetcatalog; path = Images.xcassets; sourceTree = "<group>"; };
		00AC98BF1888C818006DFC52 /* p226Tests.xctest */ = {isa = PBXFileReference; explicitFileType = wrapper.cfbundle; includeInIndex = 0; path = p226Tests.xctest; sourceTree = BUILT_PRODUCTS_DIR; };
		00AC98C01888C818006DFC52 /* XCTest.framework */ = {isa = PBXFileReference; lastKnownFileType = wrapper.framework; name = XCTest.framework; path = Library/Frameworks/XCTest.framework; sourceTree = DEVELOPER_DIR; };
		00AC98C81888C818006DFC52 /* p226Tests-Info.plist */ = {isa = PBXFileReference; lastKnownFileType = text.plist.xml; path = "p226Tests-Info.plist"; sourceTree = "<group>"; };
		00AC98CA1888C818006DFC52 /* en */ = {isa = PBXFileReference; lastKnownFileType = text.plist.strings; name = en; path = en.lproj/InfoPlist.strings; sourceTree = "<group>"; };
		00AC98CC1888C818006DFC52 /* p226Tests.m */ = {isa = PBXFileReference; lastKnownFileType = sourcecode.c.objc; path = p226Tests.m; sourceTree = "<group>"; };
		00AC98D91888C82D006DFC52 /* BizCategory.h */ = {isa = PBXFileReference; fileEncoding = 4; lastKnownFileType = sourcecode.c.h; path = BizCategory.h; sourceTree = "<group>"; };
		00AC98DA1888C82D006DFC52 /* desktop.ini */ = {isa = PBXFileReference; fileEncoding = 4; lastKnownFileType = text; path = desktop.ini; sourceTree = "<group>"; };
		00AC98DB1888C82D006DFC52 /* TMap.h */ = {isa = PBXFileReference; fileEncoding = 4; lastKnownFileType = sourcecode.c.h; path = TMap.h; sourceTree = "<group>"; };
		00AC98DC1888C82D006DFC52 /* TMapAnnotation.h */ = {isa = PBXFileReference; fileEncoding = 4; lastKnownFileType = sourcecode.c.h; path = TMapAnnotation.h; sourceTree = "<group>"; };
		00AC98DD1888C82D006DFC52 /* TMapBaseView.h */ = {isa = PBXFileReference; fileEncoding = 4; lastKnownFileType = sourcecode.c.h; path = TMapBaseView.h; sourceTree = "<group>"; };
		00AC98DE1888C82D006DFC52 /* TMapCircle.h */ = {isa = PBXFileReference; fileEncoding = 4; lastKnownFileType = sourcecode.c.h; path = TMapCircle.h; sourceTree = "<group>"; };
		00AC98DF1888C82D006DFC52 /* TMapGpsManager.h */ = {isa = PBXFileReference; fileEncoding = 4; lastKnownFileType = sourcecode.c.h; path = TMapGpsManager.h; sourceTree = "<group>"; };
		00AC98E01888C82D006DFC52 /* TMapKatec.h */ = {isa = PBXFileReference; fileEncoding = 4; lastKnownFileType = sourcecode.c.h; path = TMapKatec.h; sourceTree = "<group>"; };
		00AC98E11888C82D006DFC52 /* TMapLayer.h */ = {isa = PBXFileReference; fileEncoding = 4; lastKnownFileType = sourcecode.c.h; path = TMapLayer.h; sourceTree = "<group>"; };
		00AC98E21888C82D006DFC52 /* TMapMarker.h */ = {isa = PBXFileReference; fileEncoding = 4; lastKnownFileType = sourcecode.c.h; path = TMapMarker.h; sourceTree = "<group>"; };
		00AC98E31888C82D006DFC52 /* TMapMarkerItem.h */ = {isa = PBXFileReference; fileEncoding = 4; lastKnownFileType = sourcecode.c.h; path = TMapMarkerItem.h; sourceTree = "<group>"; };
		00AC98E41888C82D006DFC52 /* TMapMarkerItem2.h */ = {isa = PBXFileReference; fileEncoding = 4; lastKnownFileType = sourcecode.c.h; path = TMapMarkerItem2.h; sourceTree = "<group>"; };
		00AC98E51888C82D006DFC52 /* TMapObject.h */ = {isa = PBXFileReference; fileEncoding = 4; lastKnownFileType = sourcecode.c.h; path = TMapObject.h; sourceTree = "<group>"; };
		00AC98E61888C82D006DFC52 /* TMapPathData.h */ = {isa = PBXFileReference; fileEncoding = 4; lastKnownFileType = sourcecode.c.h; path = TMapPathData.h; sourceTree = "<group>"; };
		00AC98E71888C82D006DFC52 /* TMapPOIItem.h */ = {isa = PBXFileReference; fileEncoding = 4; lastKnownFileType = sourcecode.c.h; path = TMapPOIItem.h; sourceTree = "<group>"; };
		00AC98E81888C82D006DFC52 /* TMapPoint.h */ = {isa = PBXFileReference; fileEncoding = 4; lastKnownFileType = sourcecode.c.h; path = TMapPoint.h; sourceTree = "<group>"; };
		00AC98E91888C82D006DFC52 /* TMapPolygon.h */ = {isa = PBXFileReference; fileEncoding = 4; lastKnownFileType = sourcecode.c.h; path = TMapPolygon.h; sourceTree = "<group>"; };
		00AC98EA1888C82D006DFC52 /* TMapPolyLine.h */ = {isa = PBXFileReference; fileEncoding = 4; lastKnownFileType = sourcecode.c.h; path = TMapPolyLine.h; sourceTree = "<group>"; };
		00AC98EB1888C82D006DFC52 /* TMapTapi.h */ = {isa = PBXFileReference; fileEncoding = 4; lastKnownFileType = sourcecode.c.h; path = TMapTapi.h; sourceTree = "<group>"; };
		00AC98EC1888C82D006DFC52 /* TMapType.h */ = {isa = PBXFileReference; fileEncoding = 4; lastKnownFileType = sourcecode.c.h; path = TMapType.h; sourceTree = "<group>"; };
		00AC98ED1888C82D006DFC52 /* TMapView.h */ = {isa = PBXFileReference; fileEncoding = 4; lastKnownFileType = sourcecode.c.h; path = TMapView.h; sourceTree = "<group>"; };
		00AC98F01888C82D006DFC52 /* HeadingAngleSmall.png */ = {isa = PBXFileReference; lastKnownFileType = image.png; path = HeadingAngleSmall.png; sourceTree = "<group>"; };
		00AC98F11888C82D006DFC52 /* HeadingAngleSmall@2x.png */ = {isa = PBXFileReference; lastKnownFileType = image.png; path = "HeadingAngleSmall@2x.png"; sourceTree = "<group>"; };
		00AC98F21888C82D006DFC52 /* icon_clustering.png */ = {isa = PBXFileReference; lastKnownFileType = image.png; path = icon_clustering.png; sourceTree = "<group>"; };
		00AC98F31888C82D006DFC52 /* icon_clustering@2x.png */ = {isa = PBXFileReference; lastKnownFileType = image.png; path = "icon_clustering@2x.png"; sourceTree = "<group>"; };
		00AC98F41888C82D006DFC52 /* mapbg_tlogo.png */ = {isa = PBXFileReference; lastKnownFileType = image.png; path = mapbg_tlogo.png; sourceTree = "<group>"; };
		00AC98F51888C82D006DFC52 /* mapbg_tlogo@2x.png */ = {isa = PBXFileReference; lastKnownFileType = image.png; path = "mapbg_tlogo@2x.png"; sourceTree = "<group>"; };
		00AC98F61888C82D006DFC52 /* poweredby.png */ = {isa = PBXFileReference; lastKnownFileType = image.png; path = poweredby.png; sourceTree = "<group>"; };
		00AC98F71888C82D006DFC52 /* poweredby@2x.png */ = {isa = PBXFileReference; lastKnownFileType = image.png; path = "poweredby@2x.png"; sourceTree = "<group>"; };
		00AC98F81888C82D006DFC52 /* TrackingDot.png */ = {isa = PBXFileReference; lastKnownFileType = image.png; path = TrackingDot.png; sourceTree = "<group>"; };
		00AC98F91888C82D006DFC52 /* TrackingDot@2x.png */ = {isa = PBXFileReference; lastKnownFileType = image.png; path = "TrackingDot@2x.png"; sourceTree = "<group>"; };
		00AC98FA1888C82D006DFC52 /* TrackingDotHalo.png */ = {isa = PBXFileReference; lastKnownFileType = image.png; path = TrackingDotHalo.png; sourceTree = "<group>"; };
		00AC98FB1888C82D006DFC52 /* TrackingDotHalo@2x.png */ = {isa = PBXFileReference; lastKnownFileType = image.png; path = "TrackingDotHalo@2x.png"; sourceTree = "<group>"; };
		00AC98FC1888C82D006DFC52 /* libskpMap_OP-iOS7.0.a */ = {isa = PBXFileReference; lastKnownFileType = archive.ar; path = "libskpMap_OP-iOS7.0.a"; sourceTree = "<group>"; };
		00AC990D1888C837006DFC52 /* CoreLocation.framework */ = {isa = PBXFileReference; lastKnownFileType = wrapper.framework; name = CoreLocation.framework; path = System/Library/Frameworks/CoreLocation.framework; sourceTree = SDKROOT; };
		00AC990F1888C83E006DFC52 /* QuartzCore.framework */ = {isa = PBXFileReference; lastKnownFileType = wrapper.framework; name = QuartzCore.framework; path = System/Library/Frameworks/QuartzCore.framework; sourceTree = SDKROOT; };
		00AC99111888C9D4006DFC52 /* DetailViewController.h */ = {isa = PBXFileReference; fileEncoding = 4; lastKnownFileType = sourcecode.c.h; path = DetailViewController.h; sourceTree = "<group>"; };
		00AC99121888C9D4006DFC52 /* DetailViewController.m */ = {isa = PBXFileReference; fileEncoding = 4; lastKnownFileType = sourcecode.c.objc; path = DetailViewController.m; sourceTree = "<group>"; };
/* End PBXFileReference section */

/* Begin PBXFrameworksBuildPhase section */
		00AC989B1888C818006DFC52 /* Frameworks */ = {
			isa = PBXFrameworksBuildPhase;
			buildActionMask = 2147483647;
			files = (
				00AC99101888C83E006DFC52 /* QuartzCore.framework in Frameworks */,
				00AC990E1888C837006DFC52 /* CoreLocation.framework in Frameworks */,
				00AC98A41888C818006DFC52 /* CoreGraphics.framework in Frameworks */,
				00AC98A61888C818006DFC52 /* UIKit.framework in Frameworks */,
				00AC990C1888C82D006DFC52 /* libskpMap_OP-iOS7.0.a in Frameworks */,
				00AC98A21888C818006DFC52 /* Foundation.framework in Frameworks */,
			);
			runOnlyForDeploymentPostprocessing = 0;
		};
		00AC98BC1888C818006DFC52 /* Frameworks */ = {
			isa = PBXFrameworksBuildPhase;
			buildActionMask = 2147483647;
			files = (
				00AC98C11888C818006DFC52 /* XCTest.framework in Frameworks */,
				00AC98C31888C818006DFC52 /* UIKit.framework in Frameworks */,
				00AC98C21888C818006DFC52 /* Foundation.framework in Frameworks */,
			);
			runOnlyForDeploymentPostprocessing = 0;
		};
/* End PBXFrameworksBuildPhase section */

/* Begin PBXGroup section */
		00AC98951888C818006DFC52 = {
			isa = PBXGroup;
			children = (
				00AC98A71888C818006DFC52 /* p226 */,
				00AC98C61888C818006DFC52 /* p226Tests */,
				00AC98A01888C818006DFC52 /* Frameworks */,
				00AC989F1888C818006DFC52 /* Products */,
			);
			sourceTree = "<group>";
		};
		00AC989F1888C818006DFC52 /* Products */ = {
			isa = PBXGroup;
			children = (
				00AC989E1888C818006DFC52 /* p226.app */,
				00AC98BF1888C818006DFC52 /* p226Tests.xctest */,
			);
			name = Products;
			sourceTree = "<group>";
		};
		00AC98A01888C818006DFC52 /* Frameworks */ = {
			isa = PBXGroup;
			children = (
				00AC990F1888C83E006DFC52 /* QuartzCore.framework */,
				00AC990D1888C837006DFC52 /* CoreLocation.framework */,
				00AC98A11888C818006DFC52 /* Foundation.framework */,
				00AC98A31888C818006DFC52 /* CoreGraphics.framework */,
				00AC98A51888C818006DFC52 /* UIKit.framework */,
				00AC98C01888C818006DFC52 /* XCTest.framework */,
			);
			name = Frameworks;
			sourceTree = "<group>";
		};
		00AC98A71888C818006DFC52 /* p226 */ = {
			isa = PBXGroup;
			children = (
				00AC98D61888C82D006DFC52 /* lib */,
				00AC98B01888C818006DFC52 /* AppDelegate.h */,
				00AC98B11888C818006DFC52 /* AppDelegate.m */,
				00AC98B31888C818006DFC52 /* Main.storyboard */,
				00AC98B61888C818006DFC52 /* ViewController.h */,
				00AC98B71888C818006DFC52 /* ViewController.m */,
				00AC98B91888C818006DFC52 /* Images.xcassets */,
				00AC98A81888C818006DFC52 /* Supporting Files */,
			);
			path = p226;
			sourceTree = "<group>";
		};
		00AC98A81888C818006DFC52 /* Supporting Files */ = {
			isa = PBXGroup;
			children = (
				00AC98A91888C818006DFC52 /* p226-Info.plist */,
				00AC98AA1888C818006DFC52 /* InfoPlist.strings */,
				00AC98AD1888C818006DFC52 /* main.m */,
				00AC98AF1888C818006DFC52 /* p226-Prefix.pch */,
				00AC99111888C9D4006DFC52 /* DetailViewController.h */,
				00AC99121888C9D4006DFC52 /* DetailViewController.m */,
			);
			name = "Supporting Files";
			sourceTree = "<group>";
		};
		00AC98C61888C818006DFC52 /* p226Tests */ = {
			isa = PBXGroup;
			children = (
				00AC98CC1888C818006DFC52 /* p226Tests.m */,
				00AC98C71888C818006DFC52 /* Supporting Files */,
			);
			path = p226Tests;
			sourceTree = "<group>";
		};
		00AC98C71888C818006DFC52 /* Supporting Files */ = {
			isa = PBXGroup;
			children = (
				00AC98C81888C818006DFC52 /* p226Tests-Info.plist */,
				00AC98C91888C818006DFC52 /* InfoPlist.strings */,
			);
			name = "Supporting Files";
			sourceTree = "<group>";
		};
		00AC98D61888C82D006DFC52 /* lib */ = {
			isa = PBXGroup;
			children = (
				00AC98D81888C82D006DFC52 /* Headers */,
				00AC98EE1888C82D006DFC52 /* Images */,
				00AC98FC1888C82D006DFC52 /* libskpMap_OP-iOS7.0.a */,
			);
			path = lib;
			sourceTree = "<group>";
		};
		00AC98D81888C82D006DFC52 /* Headers */ = {
			isa = PBXGroup;
			children = (
				00AC98D91888C82D006DFC52 /* BizCategory.h */,
				00AC98DA1888C82D006DFC52 /* desktop.ini */,
				00AC98DB1888C82D006DFC52 /* TMap.h */,
				00AC98DC1888C82D006DFC52 /* TMapAnnotation.h */,
				00AC98DD1888C82D006DFC52 /* TMapBaseView.h */,
				00AC98DE1888C82D006DFC52 /* TMapCircle.h */,
				00AC98DF1888C82D006DFC52 /* TMapGpsManager.h */,
				00AC98E01888C82D006DFC52 /* TMapKatec.h */,
				00AC98E11888C82D006DFC52 /* TMapLayer.h */,
				00AC98E21888C82D006DFC52 /* TMapMarker.h */,
				00AC98E31888C82D006DFC52 /* TMapMarkerItem.h */,
				00AC98E41888C82D006DFC52 /* TMapMarkerItem2.h */,
				00AC98E51888C82D006DFC52 /* TMapObject.h */,
				00AC98E61888C82D006DFC52 /* TMapPathData.h */,
				00AC98E71888C82D006DFC52 /* TMapPOIItem.h */,
				00AC98E81888C82D006DFC52 /* TMapPoint.h */,
				00AC98E91888C82D006DFC52 /* TMapPolygon.h */,
				00AC98EA1888C82D006DFC52 /* TMapPolyLine.h */,
				00AC98EB1888C82D006DFC52 /* TMapTapi.h */,
				00AC98EC1888C82D006DFC52 /* TMapType.h */,
				00AC98ED1888C82D006DFC52 /* TMapView.h */,
			);
			path = Headers;
			sourceTree = "<group>";
		};
		00AC98EE1888C82D006DFC52 /* Images */ = {
			isa = PBXGroup;
			children = (
				00AC98F01888C82D006DFC52 /* HeadingAngleSmall.png */,
				00AC98F11888C82D006DFC52 /* HeadingAngleSmall@2x.png */,
				00AC98F21888C82D006DFC52 /* icon_clustering.png */,
				00AC98F31888C82D006DFC52 /* icon_clustering@2x.png */,
				00AC98F41888C82D006DFC52 /* mapbg_tlogo.png */,
				00AC98F51888C82D006DFC52 /* mapbg_tlogo@2x.png */,
				00AC98F61888C82D006DFC52 /* poweredby.png */,
				00AC98F71888C82D006DFC52 /* poweredby@2x.png */,
				00AC98F81888C82D006DFC52 /* TrackingDot.png */,
				00AC98F91888C82D006DFC52 /* TrackingDot@2x.png */,
				00AC98FA1888C82D006DFC52 /* TrackingDotHalo.png */,
				00AC98FB1888C82D006DFC52 /* TrackingDotHalo@2x.png */,
			);
			path = Images;
			sourceTree = "<group>";
		};
/* End PBXGroup section */

/* Begin PBXNativeTarget section */
		00AC989D1888C818006DFC52 /* p226 */ = {
			isa = PBXNativeTarget;
			buildConfigurationList = 00AC98D01888C818006DFC52 /* Build configuration list for PBXNativeTarget "p226" */;
			buildPhases = (
				00AC989A1888C818006DFC52 /* Sources */,
				00AC989B1888C818006DFC52 /* Frameworks */,
				00AC989C1888C818006DFC52 /* Resources */,
			);
			buildRules = (
			);
			dependencies = (
			);
			name = p226;
			productName = p226;
			productReference = 00AC989E1888C818006DFC52 /* p226.app */;
			productType = "com.apple.product-type.application";
		};
		00AC98BE1888C818006DFC52 /* p226Tests */ = {
			isa = PBXNativeTarget;
			buildConfigurationList = 00AC98D31888C818006DFC52 /* Build configuration list for PBXNativeTarget "p226Tests" */;
			buildPhases = (
				00AC98BB1888C818006DFC52 /* Sources */,
				00AC98BC1888C818006DFC52 /* Frameworks */,
				00AC98BD1888C818006DFC52 /* Resources */,
			);
			buildRules = (
			);
			dependencies = (
				00AC98C51888C818006DFC52 /* PBXTargetDependency */,
			);
			name = p226Tests;
			productName = p226Tests;
			productReference = 00AC98BF1888C818006DFC52 /* p226Tests.xctest */;
			productType = "com.apple.product-type.bundle.unit-test";
		};
/* End PBXNativeTarget section */

/* Begin PBXProject section */
		00AC98961888C818006DFC52 /* Project object */ = {
			isa = PBXProject;
			attributes = {
				LastUpgradeCheck = 0500;
				ORGANIZATIONNAME = "SDT-1";
				TargetAttributes = {
					00AC98BE1888C818006DFC52 = {
						TestTargetID = 00AC989D1888C818006DFC52;
					};
				};
			};
			buildConfigurationList = 00AC98991888C818006DFC52 /* Build configuration list for PBXProject "p226" */;
			compatibilityVersion = "Xcode 3.2";
			developmentRegion = English;
			hasScannedForEncodings = 0;
			knownRegions = (
				en,
				Base,
			);
			mainGroup = 00AC98951888C818006DFC52;
			productRefGroup = 00AC989F1888C818006DFC52 /* Products */;
			projectDirPath = "";
			projectRoot = "";
			targets = (
				00AC989D1888C818006DFC52 /* p226 */,
				00AC98BE1888C818006DFC52 /* p226Tests */,
			);
		};
/* End PBXProject section */

/* Begin PBXResourcesBuildPhase section */
		00AC989C1888C818006DFC52 /* Resources */ = {
			isa = PBXResourcesBuildPhase;
			buildActionMask = 2147483647;
			files = (
				00AC99021888C82D006DFC52 /* icon_clustering.png in Resources */,
				00AC990B1888C82D006DFC52 /* TrackingDotHalo@2x.png in Resources */,
				00AC98FE1888C82D006DFC52 /* desktop.ini in Resources */,
				00AC990A1888C82D006DFC52 /* TrackingDotHalo.png in Resources */,
				00AC99001888C82D006DFC52 /* HeadingAngleSmall.png in Resources */,
				00AC98BA1888C818006DFC52 /* Images.xcassets in Resources */,
				00AC99031888C82D006DFC52 /* icon_clustering@2x.png in Resources */,
				00AC99051888C82D006DFC52 /* mapbg_tlogo@2x.png in Resources */,
				00AC98AC1888C818006DFC52 /* InfoPlist.strings in Resources */,
				00AC99041888C82D006DFC52 /* mapbg_tlogo.png in Resources */,
				00AC99091888C82D006DFC52 /* TrackingDot@2x.png in Resources */,
				00AC99081888C82D006DFC52 /* TrackingDot.png in Resources */,
				00AC99011888C82D006DFC52 /* HeadingAngleSmall@2x.png in Resources */,
				00AC99071888C82D006DFC52 /* poweredby@2x.png in Resources */,
				00AC99061888C82D006DFC52 /* poweredby.png in Resources */,
				00AC98B51888C818006DFC52 /* Main.storyboard in Resources */,
			);
			runOnlyForDeploymentPostprocessing = 0;
		};
		00AC98BD1888C818006DFC52 /* Resources */ = {
			isa = PBXResourcesBuildPhase;
			buildActionMask = 2147483647;
			files = (
				00AC98CB1888C818006DFC52 /* InfoPlist.strings in Resources */,
			);
			runOnlyForDeploymentPostprocessing = 0;
		};
/* End PBXResourcesBuildPhase section */

/* Begin PBXSourcesBuildPhase section */
		00AC989A1888C818006DFC52 /* Sources */ = {
			isa = PBXSourcesBuildPhase;
			buildActionMask = 2147483647;
			files = (
				00AC98B81888C818006DFC52 /* ViewController.m in Sources */,
				00AC98B21888C818006DFC52 /* AppDelegate.m in Sources */,
				00AC98AE1888C818006DFC52 /* main.m in Sources */,
				00AC99131888C9D4006DFC52 /* DetailViewController.m in Sources */,
			);
			runOnlyForDeploymentPostprocessing = 0;
		};
		00AC98BB1888C818006DFC52 /* Sources */ = {
			isa = PBXSourcesBuildPhase;
			buildActionMask = 2147483647;
			files = (
				00AC98CD1888C818006DFC52 /* p226Tests.m in Sources */,
			);
			runOnlyForDeploymentPostprocessing = 0;
		};
/* End PBXSourcesBuildPhase section */

/* Begin PBXTargetDependency section */
		00AC98C51888C818006DFC52 /* PBXTargetDependency */ = {
			isa = PBXTargetDependency;
			target = 00AC989D1888C818006DFC52 /* p226 */;
			targetProxy = 00AC98C41888C818006DFC52 /* PBXContainerItemProxy */;
		};
/* End PBXTargetDependency section */

/* Begin PBXVariantGroup section */
		00AC98AA1888C818006DFC52 /* InfoPlist.strings */ = {
			isa = PBXVariantGroup;
			children = (
				00AC98AB1888C818006DFC52 /* en */,
			);
			name = InfoPlist.strings;
			sourceTree = "<group>";
		};
		00AC98B31888C818006DFC52 /* Main.storyboard */ = {
			isa = PBXVariantGroup;
			children = (
				00AC98B41888C818006DFC52 /* Base */,
			);
			name = Main.storyboard;
			sourceTree = "<group>";
		};
		00AC98C91888C818006DFC52 /* InfoPlist.strings */ = {
			isa = PBXVariantGroup;
			children = (
				00AC98CA1888C818006DFC52 /* en */,
			);
			name = InfoPlist.strings;
			sourceTree = "<group>";
		};
/* End PBXVariantGroup section */

/* Begin XCBuildConfiguration section */
		00AC98CE1888C818006DFC52 /* Debug */ = {
			isa = XCBuildConfiguration;
			buildSettings = {
				ALWAYS_SEARCH_USER_PATHS = NO;
				ARCHS = "$(ARCHS_STANDARD_INCLUDING_64_BIT)";
				CLANG_CXX_LANGUAGE_STANDARD = "gnu++0x";
				CLANG_CXX_LIBRARY = "libc++";
				CLANG_ENABLE_MODULES = YES;
				CLANG_ENABLE_OBJC_ARC = YES;
				CLANG_WARN_BOOL_CONVERSION = YES;
				CLANG_WARN_CONSTANT_CONVERSION = YES;
				CLANG_WARN_DIRECT_OBJC_ISA_USAGE = YES_ERROR;
				CLANG_WARN_EMPTY_BODY = YES;
				CLANG_WARN_ENUM_CONVERSION = YES;
				CLANG_WARN_INT_CONVERSION = YES;
				CLANG_WARN_OBJC_ROOT_CLASS = YES_ERROR;
				CLANG_WARN__DUPLICATE_METHOD_MATCH = YES;
				"CODE_SIGN_IDENTITY[sdk=iphoneos*]" = "iPhone Developer";
				COPY_PHASE_STRIP = NO;
				GCC_C_LANGUAGE_STANDARD = gnu99;
				GCC_DYNAMIC_NO_PIC = NO;
				GCC_OPTIMIZATION_LEVEL = 0;
				GCC_PREPROCESSOR_DEFINITIONS = (
					"DEBUG=1",
					"$(inherited)",
				);
				GCC_SYMBOLS_PRIVATE_EXTERN = NO;
				GCC_WARN_64_TO_32_BIT_CONVERSION = YES;
				GCC_WARN_ABOUT_RETURN_TYPE = YES_ERROR;
				GCC_WARN_UNDECLARED_SELECTOR = YES;
				GCC_WARN_UNINITIALIZED_AUTOS = YES;
				GCC_WARN_UNUSED_FUNCTION = YES;
				GCC_WARN_UNUSED_VARIABLE = YES;
				IPHONEOS_DEPLOYMENT_TARGET = 7.0;
				ONLY_ACTIVE_ARCH = YES;
				SDKROOT = iphoneos;
			};
			name = Debug;
		};
		00AC98CF1888C818006DFC52 /* Release */ = {
			isa = XCBuildConfiguration;
			buildSettings = {
				ALWAYS_SEARCH_USER_PATHS = NO;
				ARCHS = "$(ARCHS_STANDARD_INCLUDING_64_BIT)";
				CLANG_CXX_LANGUAGE_STANDARD = "gnu++0x";
				CLANG_CXX_LIBRARY = "libc++";
				CLANG_ENABLE_MODULES = YES;
				CLANG_ENABLE_OBJC_ARC = YES;
				CLANG_WARN_BOOL_CONVERSION = YES;
				CLANG_WARN_CONSTANT_CONVERSION = YES;
				CLANG_WARN_DIRECT_OBJC_ISA_USAGE = YES_ERROR;
				CLANG_WARN_EMPTY_BODY = YES;
				CLANG_WARN_ENUM_CONVERSION = YES;
				CLANG_WARN_INT_CONVERSION = YES;
				CLANG_WARN_OBJC_ROOT_CLASS = YES_ERROR;
				CLANG_WARN__DUPLICATE_METHOD_MATCH = YES;
				"CODE_SIGN_IDENTITY[sdk=iphoneos*]" = "iPhone Developer";
				COPY_PHASE_STRIP = YES;
				ENABLE_NS_ASSERTIONS = NO;
				GCC_C_LANGUAGE_STANDARD = gnu99;
				GCC_WARN_64_TO_32_BIT_CONVERSION = YES;
				GCC_WARN_ABOUT_RETURN_TYPE = YES_ERROR;
				GCC_WARN_UNDECLARED_SELECTOR = YES;
				GCC_WARN_UNINITIALIZED_AUTOS = YES;
				GCC_WARN_UNUSED_FUNCTION = YES;
				GCC_WARN_UNUSED_VARIABLE = YES;
				IPHONEOS_DEPLOYMENT_TARGET = 7.0;
				SDKROOT = iphoneos;
				VALIDATE_PRODUCT = YES;
			};
			name = Release;
		};
		00AC98D11888C818006DFC52 /* Debug */ = {
			isa = XCBuildConfiguration;
			buildSettings = {
				ASSETCATALOG_COMPILER_APPICON_NAME = AppIcon;
				ASSETCATALOG_COMPILER_LAUNCHIMAGE_NAME = LaunchImage;
				GCC_PRECOMPILE_PREFIX_HEADER = YES;
				GCC_PREFIX_HEADER = "p226/p226-Prefix.pch";
				INFOPLIST_FILE = "p226/p226-Info.plist";
				LIBRARY_SEARCH_PATHS = (
					"$(inherited)",
					"/Users/sdt-1/Documents/Projects/p226/p226/lib",
				);
				PRODUCT_NAME = "$(TARGET_NAME)";
				WRAPPER_EXTENSION = app;
			};
			name = Debug;
		};
		00AC98D21888C818006DFC52 /* Release */ = {
			isa = XCBuildConfiguration;
			buildSettings = {
				ASSETCATALOG_COMPILER_APPICON_NAME = AppIcon;
				ASSETCATALOG_COMPILER_LAUNCHIMAGE_NAME = LaunchImage;
				GCC_PRECOMPILE_PREFIX_HEADER = YES;
				GCC_PREFIX_HEADER = "p226/p226-Prefix.pch";
				INFOPLIST_FILE = "p226/p226-Info.plist";
				LIBRARY_SEARCH_PATHS = (
					"$(inherited)",
					"/Users/sdt-1/Documents/Projects/p226/p226/lib",
				);
				PRODUCT_NAME = "$(TARGET_NAME)";
				WRAPPER_EXTENSION = app;
			};
			name = Release;
		};
		00AC98D41888C818006DFC52 /* Debug */ = {
			isa = XCBuildConfiguration;
			buildSettings = {
				ARCHS = "$(ARCHS_STANDARD_INCLUDING_64_BIT)";
				BUNDLE_LOADER = "$(BUILT_PRODUCTS_DIR)/p226.app/p226";
				FRAMEWORK_SEARCH_PATHS = (
					"$(SDKROOT)/Developer/Library/Frameworks",
					"$(inherited)",
					"$(DEVELOPER_FRAMEWORKS_DIR)",
				);
				GCC_PRECOMPILE_PREFIX_HEADER = YES;
				GCC_PREFIX_HEADER = "p226/p226-Prefix.pch";
				GCC_PREPROCESSOR_DEFINITIONS = (
					"DEBUG=1",
					"$(inherited)",
				);
				INFOPLIST_FILE = "p226Tests/p226Tests-Info.plist";
				PRODUCT_NAME = "$(TARGET_NAME)";
				TEST_HOST = "$(BUNDLE_LOADER)";
				WRAPPER_EXTENSION = xctest;
			};
			name = Debug;
		};
		00AC98D51888C818006DFC52 /* Release */ = {
			isa = XCBuildConfiguration;
			buildSettings = {
				ARCHS = "$(ARCHS_STANDARD_INCLUDING_64_BIT)";
				BUNDLE_LOADER = "$(BUILT_PRODUCTS_DIR)/p226.app/p226";
				FRAMEWORK_SEARCH_PATHS = (
					"$(SDKROOT)/Developer/Library/Frameworks",
					"$(inherited)",
					"$(DEVELOPER_FRAMEWORKS_DIR)",
				);
				GCC_PRECOMPILE_PREFIX_HEADER = YES;
				GCC_PREFIX_HEADER = "p226/p226-Prefix.pch";
				INFOPLIST_FILE = "p226Tests/p226Tests-Info.plist";
				PRODUCT_NAME = "$(TARGET_NAME)";
				TEST_HOST = "$(BUNDLE_LOADER)";
				WRAPPER_EXTENSION = xctest;
			};
			name = Release;
		};
/* End XCBuildConfiguration section */

/* Begin XCConfigurationList section */
		00AC98991888C818006DFC52 /* Build configuration list for PBXProject "p226" */ = {
			isa = XCConfigurationList;
			buildConfigurations = (
				00AC98CE1888C818006DFC52 /* Debug */,
				00AC98CF1888C818006DFC52 /* Release */,
			);
			defaultConfigurationIsVisible = 0;
			defaultConfigurationName = Release;
		};
		00AC98D01888C818006DFC52 /* Build configuration list for PBXNativeTarget "p226" */ = {
			isa = XCConfigurationList;
			buildConfigurations = (
				00AC98D11888C818006DFC52 /* Debug */,
				00AC98D21888C818006DFC52 /* Release */,
			);
			defaultConfigurationIsVisible = 0;
		};
		00AC98D31888C818006DFC52 /* Build configuration list for PBXNativeTarget "p226Tests" */ = {
			isa = XCConfigurationList;
			buildConfigurations = (
				00AC98D41888C818006DFC52 /* Debug */,
				00AC98D51888C818006DFC52 /* Release */,
			);
			defaultConfigurationIsVisible = 0;
		};
/* End XCConfigurationList section */
	};
	rootObject = 00AC98961888C818006DFC52 /* Project object */;
}
